
Microsoft Visual Studio Solution File, Format Version 12.00
# Visual Studio 15
VisualStudioVersion = 15.0.28307.1231
MinimumVisualStudioVersion = 10.0.40219.1
Project("{FAE04EC0-301F-11D3-BF4B-00C04F79EFBC}") = "lessons", "lessons\lessons.csproj", "{07928868-286C-441E-9FA4-9FD2746FC2F9}"
EndProject
Project("{FAE04EC0-301F-11D3-BF4B-00C04F79EFBC}") = "сложение", "MyProject\сложение.csproj", "{4203676F-9E51-435D-93C9-741EF07E2F6B}"
EndProject
Global
	GlobalSection(SolutionConfigurationPlatforms) = preSolution
		Debug|Any CPU = Debug|Any CPU
		Release|Any CPU = Release|Any CPU
	EndGlobalSection
	GlobalSection(ProjectConfigurationPlatforms) = postSolution
		{07928868-286C-441E-9FA4-9FD2746FC2F9}.Debug|Any CPU.ActiveCfg = Debug|Any CPU
		{07928868-286C-441E-9FA4-9FD2746FC2F9}.Debug|Any CPU.Build.0 = Debug|Any CPU
		{07928868-286C-441E-9FA4-9FD2746FC2F9}.Release|Any CPU.ActiveCfg = Debug|Any CPU
		{07928868-286C-441E-9FA4-9FD2746FC2F9}.Release|Any CPU.Build.0 = Debug|Any CPU
		{4203676F-9E51-435D-93C9-741EF07E2F6B}.Debug|Any CPU.ActiveCfg = Debug|Any CPU
		{4203676F-9E51-435D-93C9-741EF07E2F6B}.Debug|Any CPU.Build.0 = Debug|Any CPU
		{4203676F-9E51-435D-93C9-741EF07E2F6B}.Release|Any CPU.ActiveCfg = Debug|Any CPU
		{4203676F-9E51-435D-93C9-741EF07E2F6B}.Release|Any CPU.Build.0 = Debug|Any CPU
	EndGlobalSection
	GlobalSection(SolutionProperties) = preSolution
		HideSolutionNode = FALSE
	EndGlobalSection
	GlobalSection(ExtensibilityGlobals) = postSolution
		SolutionGuid = {FBC8F351-5D93-4F20-9B4A-F8D709F582ED}
	EndGlobalSection
EndGlobal
